
Microsoft Visual Studio Solution File, Format Version 12.00
# Visual Studio Version 17
VisualStudioVersion = 17.7.34024.191
MinimumVisualStudioVersion = 10.0.40219.1
Project("{9A19103F-16F7-4668-BE54-9A1E7A4F7556}") = "MDotNetCore.ConsoleApp", "MDotNetCore.ConsoleApp\MDotNetCore.ConsoleApp.csproj", "{8CD00B1F-0481-49F3-8AB5-38801308881A}"
EndProject
Project("{2150E333-8FDC-42A3-9474-1A3956D46DE8}") = "Documents", "Documents", "{E4A5A889-53C7-47EC-ABED-9E0A5636AC50}"
	ProjectSection(SolutionItems) = preProject
		README.md = README.md
	EndProjectSection
EndProject
Project("{9A19103F-16F7-4668-BE54-9A1E7A4F7556}") = "MDotNetCore.RestApi", "MDontNetCore.RestApi\MDotNetCore.RestApi.csproj", "{2EB9827E-5D0E-4A33-8B76-5F2F9A1D7DAD}"
EndProject
Project("{9A19103F-16F7-4668-BE54-9A1E7A4F7556}") = "MDotNetCore.MVCApp", "MDotNetCore.MVCApp\MDotNetCore.MVCApp.csproj", "{24DACD6A-17A5-43C6-928D-84DD10960FE7}"
EndProject
Project("{9A19103F-16F7-4668-BE54-9A1E7A4F7556}") = "MMSDotNetCore.MinimalAPI", "MMSDotNetCore.MinimalAPI\MMSDotNetCore.MinimalAPI.csproj", "{2A1A7616-B072-4929-951F-CEA31C020B48}"
EndProject
Project("{9A19103F-16F7-4668-BE54-9A1E7A4F7556}") = "MDotNetCore.SerilogWebApi", "MDotNetCore.SerilogWebApi\MDotNetCore.SerilogWebApi.csproj", "{D838A496-F62D-4806-A0ED-E86C3CCF2C4E}"
EndProject
Project("{9A19103F-16F7-4668-BE54-9A1E7A4F7556}") = "MDotNetCore.BlazorServerApp", "MDotNetCore.BlazorServerApp\MDotNetCore.BlazorServerApp.csproj", "{3B8626DE-5860-4447-A76A-C1EEE2943E03}"
EndProject
Project("{9A19103F-16F7-4668-BE54-9A1E7A4F7556}") = "MDotNetCore.ApexChartApp", "MDotNetCore.ApexChartApp\MDotNetCore.ApexChartApp.csproj", "{65157409-0095-4528-AF5B-2BF4DC3F4AA8}"
EndProject
Project("{FAE04EC0-301F-11D3-BF4B-00C04F79EFBC}") = "MDotNetCore.EFCoreDbFirstTesting", "MDotNetCore.EFCoreDbFirstTesting\MDotNetCore.EFCoreDbFirstTesting.csproj", "{1E8FCFA6-0EBE-41EB-AB60-14119682D819}"
EndProject
Project("{FAE04EC0-301F-11D3-BF4B-00C04F79EFBC}") = "MDotNetCore.DbService", "MDotNetCore.DbService\MDotNetCore.DbService.csproj", "{C31E8C4F-E8FA-4DFF-9481-BE2F5CE3E5EF}"
EndProject
Global
	GlobalSection(SolutionConfigurationPlatforms) = preSolution
		Debug|Any CPU = Debug|Any CPU
		Release|Any CPU = Release|Any CPU
	EndGlobalSection
	GlobalSection(ProjectConfigurationPlatforms) = postSolution
		{8CD00B1F-0481-49F3-8AB5-38801308881A}.Debug|Any CPU.ActiveCfg = Debug|Any CPU
		{8CD00B1F-0481-49F3-8AB5-38801308881A}.Debug|Any CPU.Build.0 = Debug|Any CPU
		{8CD00B1F-0481-49F3-8AB5-38801308881A}.Release|Any CPU.ActiveCfg = Release|Any CPU
		{8CD00B1F-0481-49F3-8AB5-38801308881A}.Release|Any CPU.Build.0 = Release|Any CPU
		{2EB9827E-5D0E-4A33-8B76-5F2F9A1D7DAD}.Debug|Any CPU.ActiveCfg = Debug|Any CPU
		{2EB9827E-5D0E-4A33-8B76-5F2F9A1D7DAD}.Debug|Any CPU.Build.0 = Debug|Any CPU
		{2EB9827E-5D0E-4A33-8B76-5F2F9A1D7DAD}.Release|Any CPU.ActiveCfg = Release|Any CPU
		{2EB9827E-5D0E-4A33-8B76-5F2F9A1D7DAD}.Release|Any CPU.Build.0 = Release|Any CPU
		{24DACD6A-17A5-43C6-928D-84DD10960FE7}.Debug|Any CPU.ActiveCfg = Debug|Any CPU
		{24DACD6A-17A5-43C6-928D-84DD10960FE7}.Debug|Any CPU.Build.0 = Debug|Any CPU
		{24DACD6A-17A5-43C6-928D-84DD10960FE7}.Release|Any CPU.ActiveCfg = Release|Any CPU
		{24DACD6A-17A5-43C6-928D-84DD10960FE7}.Release|Any CPU.Build.0 = Release|Any CPU
		{2A1A7616-B072-4929-951F-CEA31C020B48}.Debug|Any CPU.ActiveCfg = Debug|Any CPU
		{2A1A7616-B072-4929-951F-CEA31C020B48}.Debug|Any CPU.Build.0 = Debug|Any CPU
		{2A1A7616-B072-4929-951F-CEA31C020B48}.Release|Any CPU.ActiveCfg = Release|Any CPU
		{2A1A7616-B072-4929-951F-CEA31C020B48}.Release|Any CPU.Build.0 = Release|Any CPU
		{D838A496-F62D-4806-A0ED-E86C3CCF2C4E}.Debug|Any CPU.ActiveCfg = Debug|Any CPU
		{D838A496-F62D-4806-A0ED-E86C3CCF2C4E}.Debug|Any CPU.Build.0 = Debug|Any CPU
		{D838A496-F62D-4806-A0ED-E86C3CCF2C4E}.Release|Any CPU.ActiveCfg = Release|Any CPU
		{D838A496-F62D-4806-A0ED-E86C3CCF2C4E}.Release|Any CPU.Build.0 = Release|Any CPU
		{3B8626DE-5860-4447-A76A-C1EEE2943E03}.Debug|Any CPU.ActiveCfg = Debug|Any CPU
		{3B8626DE-5860-4447-A76A-C1EEE2943E03}.Debug|Any CPU.Build.0 = Debug|Any CPU
		{3B8626DE-5860-4447-A76A-C1EEE2943E03}.Release|Any CPU.ActiveCfg = Release|Any CPU
		{3B8626DE-5860-4447-A76A-C1EEE2943E03}.Release|Any CPU.Build.0 = Release|Any CPU
		{65157409-0095-4528-AF5B-2BF4DC3F4AA8}.Debug|Any CPU.ActiveCfg = Debug|Any CPU
		{65157409-0095-4528-AF5B-2BF4DC3F4AA8}.Debug|Any CPU.Build.0 = Debug|Any CPU
		{65157409-0095-4528-AF5B-2BF4DC3F4AA8}.Release|Any CPU.ActiveCfg = Release|Any CPU
		{65157409-0095-4528-AF5B-2BF4DC3F4AA8}.Release|Any CPU.Build.0 = Release|Any CPU
		{1E8FCFA6-0EBE-41EB-AB60-14119682D819}.Debug|Any CPU.ActiveCfg = Debug|Any CPU
		{1E8FCFA6-0EBE-41EB-AB60-14119682D819}.Debug|Any CPU.Build.0 = Debug|Any CPU
		{1E8FCFA6-0EBE-41EB-AB60-14119682D819}.Release|Any CPU.ActiveCfg = Release|Any CPU
		{1E8FCFA6-0EBE-41EB-AB60-14119682D819}.Release|Any CPU.Build.0 = Release|Any CPU
		{C31E8C4F-E8FA-4DFF-9481-BE2F5CE3E5EF}.Debug|Any CPU.ActiveCfg = Debug|Any CPU
		{C31E8C4F-E8FA-4DFF-9481-BE2F5CE3E5EF}.Debug|Any CPU.Build.0 = Debug|Any CPU
		{C31E8C4F-E8FA-4DFF-9481-BE2F5CE3E5EF}.Release|Any CPU.ActiveCfg = Release|Any CPU
		{C31E8C4F-E8FA-4DFF-9481-BE2F5CE3E5EF}.Release|Any CPU.Build.0 = Release|Any CPU
	EndGlobalSection
	GlobalSection(SolutionProperties) = preSolution
		HideSolutionNode = FALSE
	EndGlobalSection
	GlobalSection(ExtensibilityGlobals) = postSolution
		SolutionGuid = {3AD1614A-9D55-4C71-8E46-A8DD2A8483F0}
	EndGlobalSection
EndGlobal
